// !$*UTF8*$!
{
	archiveVersion = 1;
	classes = {
	};
	objectVersion = 56;
	objects = {

/* Begin PBXBuildFile section */
		1C5F7F472B7D49ED0094912F /* AppDelegate.swift in Sources */ = {isa = PBXBuildFile; fileRef = 1C5F7F462B7D49ED0094912F /* AppDelegate.swift */; };
		1C5F7F492B7D49ED0094912F /* SceneDelegate.swift in Sources */ = {isa = PBXBuildFile; fileRef = 1C5F7F482B7D49ED0094912F /* SceneDelegate.swift */; };
		1C5F7F4B2B7D49ED0094912F /* ViewController.swift in Sources */ = {isa = PBXBuildFile; fileRef = 1C5F7F4A2B7D49ED0094912F /* ViewController.swift */; };
		1C5F7F512B7D49ED0094912F /* photos_asesoftware.xcdatamodeld in Sources */ = {isa = PBXBuildFile; fileRef = 1C5F7F4F2B7D49ED0094912F /* photos_asesoftware.xcdatamodeld */; };
		1C5F7F532B7D49EE0094912F /* Assets.xcassets in Resources */ = {isa = PBXBuildFile; fileRef = 1C5F7F522B7D49EE0094912F /* Assets.xcassets */; };
		1C5F7F562B7D49EE0094912F /* LaunchScreen.storyboard in Resources */ = {isa = PBXBuildFile; fileRef = 1C5F7F542B7D49EE0094912F /* LaunchScreen.storyboard */; };
		1C5F7F5F2B7D4A730094912F /* ListPhotosView.swift in Sources */ = {isa = PBXBuildFile; fileRef = 1C5F7F5E2B7D4A730094912F /* ListPhotosView.swift */; };
		1C5F7F612B7D4A7B0094912F /* ListPhotosPresenter.swift in Sources */ = {isa = PBXBuildFile; fileRef = 1C5F7F602B7D4A7B0094912F /* ListPhotosPresenter.swift */; };
		1C5F7F632B7D4A830094912F /* ListPhotosInteractor.swift in Sources */ = {isa = PBXBuildFile; fileRef = 1C5F7F622B7D4A830094912F /* ListPhotosInteractor.swift */; };
		1C5F7F652B7D4A8C0094912F /* ListPhotosRouter.swift in Sources */ = {isa = PBXBuildFile; fileRef = 1C5F7F642B7D4A8C0094912F /* ListPhotosRouter.swift */; };
		1C5F7F682B7D4AB80094912F /* PhotoEntity.swift in Sources */ = {isa = PBXBuildFile; fileRef = 1C5F7F672B7D4AB80094912F /* PhotoEntity.swift */; };
		1C5F7F6A2B7D50B90094912F /* PhotoCellView.swift in Sources */ = {isa = PBXBuildFile; fileRef = 1C5F7F692B7D50B90094912F /* PhotoCellView.swift */; };
		1C5F7F6D2B7D54B60094912F /* Kingfisher in Frameworks */ = {isa = PBXBuildFile; productRef = 1C5F7F6C2B7D54B60094912F /* Kingfisher */; };
		1C5F7F702B7D5E8B0094912F /* ViewModel.swift in Sources */ = {isa = PBXBuildFile; fileRef = 1C5F7F6F2B7D5E8B0094912F /* ViewModel.swift */; };
		1C5F7F722B7D60210094912F /* Mapper.swift in Sources */ = {isa = PBXBuildFile; fileRef = 1C5F7F712B7D60210094912F /* Mapper.swift */; };
		1C5F7F752B7D77660094912F /* DetailView.swift in Sources */ = {isa = PBXBuildFile; fileRef = 1C5F7F742B7D77660094912F /* DetailView.swift */; };
		1C5F7F772B7D776E0094912F /* DetailPresenter.swift in Sources */ = {isa = PBXBuildFile; fileRef = 1C5F7F762B7D776E0094912F /* DetailPresenter.swift */; };
		1C5F7F792B7D777D0094912F /* DetailInteractor.swift in Sources */ = {isa = PBXBuildFile; fileRef = 1C5F7F782B7D777D0094912F /* DetailInteractor.swift */; };
		1C5F7F7B2B7D77860094912F /* DetailRouter.swift in Sources */ = {isa = PBXBuildFile; fileRef = 1C5F7F7A2B7D77860094912F /* DetailRouter.swift */; };
		1C5F7F7E2B7D78430094912F /* DetailPhotoEntity.swift in Sources */ = {isa = PBXBuildFile; fileRef = 1C5F7F7D2B7D78430094912F /* DetailPhotoEntity.swift */; };
		1C5F7F812B7D7B0E0094912F /* DetailPhotoViewModel.swift in Sources */ = {isa = PBXBuildFile; fileRef = 1C5F7F802B7D7B0E0094912F /* DetailPhotoViewModel.swift */; };
		1C5F7F832B7D7BAB0094912F /* MapperDetailPhotoViewModel.swift in Sources */ = {isa = PBXBuildFile; fileRef = 1C5F7F822B7D7BAB0094912F /* MapperDetailPhotoViewModel.swift */; };
/* End PBXBuildFile section */

/* Begin PBXFileReference section */
		1C5F7F432B7D49ED0094912F /* photos_asesoftware.app */ = {isa = PBXFileReference; explicitFileType = wrapper.application; includeInIndex = 0; path = photos_asesoftware.app; sourceTree = BUILT_PRODUCTS_DIR; };
		1C5F7F462B7D49ED0094912F /* AppDelegate.swift */ = {isa = PBXFileReference; lastKnownFileType = sourcecode.swift; path = AppDelegate.swift; sourceTree = "<group>"; };
		1C5F7F482B7D49ED0094912F /* SceneDelegate.swift */ = {isa = PBXFileReference; lastKnownFileType = sourcecode.swift; path = SceneDelegate.swift; sourceTree = "<group>"; };
		1C5F7F4A2B7D49ED0094912F /* ViewController.swift */ = {isa = PBXFileReference; lastKnownFileType = sourcecode.swift; path = ViewController.swift; sourceTree = "<group>"; };
		1C5F7F502B7D49ED0094912F /* photos_asesoftware.xcdatamodel */ = {isa = PBXFileReference; lastKnownFileType = wrapper.xcdatamodel; path = photos_asesoftware.xcdatamodel; sourceTree = "<group>"; };
		1C5F7F522B7D49EE0094912F /* Assets.xcassets */ = {isa = PBXFileReference; lastKnownFileType = folder.assetcatalog; path = Assets.xcassets; sourceTree = "<group>"; };
		1C5F7F552B7D49EE0094912F /* Base */ = {isa = PBXFileReference; lastKnownFileType = file.storyboard; name = Base; path = Base.lproj/LaunchScreen.storyboard; sourceTree = "<group>"; };
		1C5F7F572B7D49EE0094912F /* Info.plist */ = {isa = PBXFileReference; lastKnownFileType = text.plist.xml; path = Info.plist; sourceTree = "<group>"; };
		1C5F7F5E2B7D4A730094912F /* ListPhotosView.swift */ = {isa = PBXFileReference; lastKnownFileType = sourcecode.swift; path = ListPhotosView.swift; sourceTree = "<group>"; };
		1C5F7F602B7D4A7B0094912F /* ListPhotosPresenter.swift */ = {isa = PBXFileReference; lastKnownFileType = sourcecode.swift; path = ListPhotosPresenter.swift; sourceTree = "<group>"; };
		1C5F7F622B7D4A830094912F /* ListPhotosInteractor.swift */ = {isa = PBXFileReference; lastKnownFileType = sourcecode.swift; path = ListPhotosInteractor.swift; sourceTree = "<group>"; };
		1C5F7F642B7D4A8C0094912F /* ListPhotosRouter.swift */ = {isa = PBXFileReference; lastKnownFileType = sourcecode.swift; path = ListPhotosRouter.swift; sourceTree = "<group>"; };
		1C5F7F672B7D4AB80094912F /* PhotoEntity.swift */ = {isa = PBXFileReference; lastKnownFileType = sourcecode.swift; path = PhotoEntity.swift; sourceTree = "<group>"; };
		1C5F7F692B7D50B90094912F /* PhotoCellView.swift */ = {isa = PBXFileReference; lastKnownFileType = sourcecode.swift; path = PhotoCellView.swift; sourceTree = "<group>"; };
		1C5F7F6F2B7D5E8B0094912F /* ViewModel.swift */ = {isa = PBXFileReference; lastKnownFileType = sourcecode.swift; path = ViewModel.swift; sourceTree = "<group>"; };
		1C5F7F712B7D60210094912F /* Mapper.swift */ = {isa = PBXFileReference; lastKnownFileType = sourcecode.swift; path = Mapper.swift; sourceTree = "<group>"; };
		1C5F7F742B7D77660094912F /* DetailView.swift */ = {isa = PBXFileReference; lastKnownFileType = sourcecode.swift; path = DetailView.swift; sourceTree = "<group>"; };
		1C5F7F762B7D776E0094912F /* DetailPresenter.swift */ = {isa = PBXFileReference; lastKnownFileType = sourcecode.swift; path = DetailPresenter.swift; sourceTree = "<group>"; };
		1C5F7F782B7D777D0094912F /* DetailInteractor.swift */ = {isa = PBXFileReference; lastKnownFileType = sourcecode.swift; path = DetailInteractor.swift; sourceTree = "<group>"; };
		1C5F7F7A2B7D77860094912F /* DetailRouter.swift */ = {isa = PBXFileReference; lastKnownFileType = sourcecode.swift; path = DetailRouter.swift; sourceTree = "<group>"; };
		1C5F7F7D2B7D78430094912F /* DetailPhotoEntity.swift */ = {isa = PBXFileReference; lastKnownFileType = sourcecode.swift; path = DetailPhotoEntity.swift; sourceTree = "<group>"; };
		1C5F7F802B7D7B0E0094912F /* DetailPhotoViewModel.swift */ = {isa = PBXFileReference; lastKnownFileType = sourcecode.swift; path = DetailPhotoViewModel.swift; sourceTree = "<group>"; };
		1C5F7F822B7D7BAB0094912F /* MapperDetailPhotoViewModel.swift */ = {isa = PBXFileReference; lastKnownFileType = sourcecode.swift; path = MapperDetailPhotoViewModel.swift; sourceTree = "<group>"; };
/* End PBXFileReference section */

/* Begin PBXFrameworksBuildPhase section */
		1C5F7F402B7D49ED0094912F /* Frameworks */ = {
			isa = PBXFrameworksBuildPhase;
			buildActionMask = 2147483647;
			files = (
				1C5F7F6D2B7D54B60094912F /* Kingfisher in Frameworks */,
			);
			runOnlyForDeploymentPostprocessing = 0;
		};
/* End PBXFrameworksBuildPhase section */

/* Begin PBXGroup section */
		1C5F7F3A2B7D49ED0094912F = {
			isa = PBXGroup;
			children = (
				1C5F7F452B7D49ED0094912F /* photos_asesoftware */,
				1C5F7F442B7D49ED0094912F /* Products */,
			);
			sourceTree = "<group>";
		};
		1C5F7F442B7D49ED0094912F /* Products */ = {
			isa = PBXGroup;
			children = (
				1C5F7F432B7D49ED0094912F /* photos_asesoftware.app */,
			);
			name = Products;
			sourceTree = "<group>";
		};
		1C5F7F452B7D49ED0094912F /* photos_asesoftware */ = {
			isa = PBXGroup;
			children = (
				1C5F7F732B7D772D0094912F /* DetailPhoto */,
				1C5F7F5D2B7D4A580094912F /* ListPhotos */,
				1C5F7F462B7D49ED0094912F /* AppDelegate.swift */,
				1C5F7F482B7D49ED0094912F /* SceneDelegate.swift */,
				1C5F7F4A2B7D49ED0094912F /* ViewController.swift */,
				1C5F7F522B7D49EE0094912F /* Assets.xcassets */,
				1C5F7F542B7D49EE0094912F /* LaunchScreen.storyboard */,
				1C5F7F572B7D49EE0094912F /* Info.plist */,
				1C5F7F4F2B7D49ED0094912F /* photos_asesoftware.xcdatamodeld */,
			);
			path = photos_asesoftware;
			sourceTree = "<group>";
		};
		1C5F7F5D2B7D4A580094912F /* ListPhotos */ = {
			isa = PBXGroup;
			children = (
				1C5F7F5E2B7D4A730094912F /* ListPhotosView.swift */,
				1C5F7F602B7D4A7B0094912F /* ListPhotosPresenter.swift */,
				1C5F7F622B7D4A830094912F /* ListPhotosInteractor.swift */,
				1C5F7F642B7D4A8C0094912F /* ListPhotosRouter.swift */,
				1C5F7F692B7D50B90094912F /* PhotoCellView.swift */,
				1C5F7F6E2B7D5E750094912F /* ViewModel */,
				1C5F7F662B7D4AA10094912F /* Entities */,
			);
			path = ListPhotos;
			sourceTree = "<group>";
		};
		1C5F7F662B7D4AA10094912F /* Entities */ = {
			isa = PBXGroup;
			children = (
				1C5F7F672B7D4AB80094912F /* PhotoEntity.swift */,
			);
			path = Entities;
			sourceTree = "<group>";
		};
		1C5F7F6E2B7D5E750094912F /* ViewModel */ = {
			isa = PBXGroup;
			children = (
				1C5F7F6F2B7D5E8B0094912F /* ViewModel.swift */,
				1C5F7F712B7D60210094912F /* Mapper.swift */,
			);
			path = ViewModel;
			sourceTree = "<group>";
		};
		1C5F7F732B7D772D0094912F /* DetailPhoto */ = {
			isa = PBXGroup;
			children = (
				1C5F7F7F2B7D7AED0094912F /* ViewModel */,
				1C5F7F7C2B7D778C0094912F /* Entities */,
				1C5F7F742B7D77660094912F /* DetailView.swift */,
				1C5F7F762B7D776E0094912F /* DetailPresenter.swift */,
				1C5F7F782B7D777D0094912F /* DetailInteractor.swift */,
				1C5F7F7A2B7D77860094912F /* DetailRouter.swift */,
			);
			path = DetailPhoto;
			sourceTree = "<group>";
		};
		1C5F7F7C2B7D778C0094912F /* Entities */ = {
			isa = PBXGroup;
			children = (
				1C5F7F7D2B7D78430094912F /* DetailPhotoEntity.swift */,
			);
			path = Entities;
			sourceTree = "<group>";
		};
		1C5F7F7F2B7D7AED0094912F /* ViewModel */ = {
			isa = PBXGroup;
			children = (
				1C5F7F802B7D7B0E0094912F /* DetailPhotoViewModel.swift */,
				1C5F7F822B7D7BAB0094912F /* MapperDetailPhotoViewModel.swift */,
			);
			path = ViewModel;
			sourceTree = "<group>";
		};
/* End PBXGroup section */

/* Begin PBXNativeTarget section */
		1C5F7F422B7D49ED0094912F /* photos_asesoftware */ = {
			isa = PBXNativeTarget;
			buildConfigurationList = 1C5F7F5A2B7D49EE0094912F /* Build configuration list for PBXNativeTarget "photos_asesoftware" */;
			buildPhases = (
				1C5F7F3F2B7D49ED0094912F /* Sources */,
				1C5F7F402B7D49ED0094912F /* Frameworks */,
				1C5F7F412B7D49ED0094912F /* Resources */,
			);
			buildRules = (
			);
			dependencies = (
			);
			name = photos_asesoftware;
			packageProductDependencies = (
				1C5F7F6C2B7D54B60094912F /* Kingfisher */,
			);
			productName = photos_asesoftware;
			productReference = 1C5F7F432B7D49ED0094912F /* photos_asesoftware.app */;
			productType = "com.apple.product-type.application";
		};
/* End PBXNativeTarget section */

/* Begin PBXProject section */
		1C5F7F3B2B7D49ED0094912F /* Project object */ = {
			isa = PBXProject;
			attributes = {
				BuildIndependentTargetsInParallel = 1;
				LastSwiftUpdateCheck = 1520;
				LastUpgradeCheck = 1520;
				TargetAttributes = {
					1C5F7F422B7D49ED0094912F = {
						CreatedOnToolsVersion = 15.2;
					};
				};
			};
			buildConfigurationList = 1C5F7F3E2B7D49ED0094912F /* Build configuration list for PBXProject "photos_asesoftware" */;
			compatibilityVersion = "Xcode 14.0";
			developmentRegion = en;
			hasScannedForEncodings = 0;
			knownRegions = (
				en,
				Base,
			);
			mainGroup = 1C5F7F3A2B7D49ED0094912F;
			packageReferences = (
				1C5F7F6B2B7D54B60094912F /* XCRemoteSwiftPackageReference "Kingfisher" */,
			);
			productRefGroup = 1C5F7F442B7D49ED0094912F /* Products */;
			projectDirPath = "";
			projectRoot = "";
			targets = (
				1C5F7F422B7D49ED0094912F /* photos_asesoftware */,
			);
		};
/* End PBXProject section */

/* Begin PBXResourcesBuildPhase section */
		1C5F7F412B7D49ED0094912F /* Resources */ = {
			isa = PBXResourcesBuildPhase;
			buildActionMask = 2147483647;
			files = (
				1C5F7F562B7D49EE0094912F /* LaunchScreen.storyboard in Resources */,
				1C5F7F532B7D49EE0094912F /* Assets.xcassets in Resources */,
			);
			runOnlyForDeploymentPostprocessing = 0;
		};
/* End PBXResourcesBuildPhase section */

/* Begin PBXSourcesBuildPhase section */
		1C5F7F3F2B7D49ED0094912F /* Sources */ = {
			isa = PBXSourcesBuildPhase;
			buildActionMask = 2147483647;
			files = (
				1C5F7F632B7D4A830094912F /* ListPhotosInteractor.swift in Sources */,
				1C5F7F7B2B7D77860094912F /* DetailRouter.swift in Sources */,
				1C5F7F4B2B7D49ED0094912F /* ViewController.swift in Sources */,
				1C5F7F612B7D4A7B0094912F /* ListPhotosPresenter.swift in Sources */,
				1C5F7F812B7D7B0E0094912F /* DetailPhotoViewModel.swift in Sources */,
				1C5F7F7E2B7D78430094912F /* DetailPhotoEntity.swift in Sources */,
				1C5F7F702B7D5E8B0094912F /* ViewModel.swift in Sources */,
				1C5F7F722B7D60210094912F /* Mapper.swift in Sources */,
				1C5F7F832B7D7BAB0094912F /* MapperDetailPhotoViewModel.swift in Sources */,
				1C5F7F772B7D776E0094912F /* DetailPresenter.swift in Sources */,
				1C5F7F792B7D777D0094912F /* DetailInteractor.swift in Sources */,
				1C5F7F652B7D4A8C0094912F /* ListPhotosRouter.swift in Sources */,
				1C5F7F472B7D49ED0094912F /* AppDelegate.swift in Sources */,
				1C5F7F752B7D77660094912F /* DetailView.swift in Sources */,
				1C5F7F6A2B7D50B90094912F /* PhotoCellView.swift in Sources */,
				1C5F7F5F2B7D4A730094912F /* ListPhotosView.swift in Sources */,
				1C5F7F492B7D49ED0094912F /* SceneDelegate.swift in Sources */,
				1C5F7F512B7D49ED0094912F /* photos_asesoftware.xcdatamodeld in Sources */,
				1C5F7F682B7D4AB80094912F /* PhotoEntity.swift in Sources */,
			);
			runOnlyForDeploymentPostprocessing = 0;
		};
/* End PBXSourcesBuildPhase section */

/* Begin PBXVariantGroup section */
		1C5F7F542B7D49EE0094912F /* LaunchScreen.storyboard */ = {
			isa = PBXVariantGroup;
			children = (
				1C5F7F552B7D49EE0094912F /* Base */,
			);
			name = LaunchScreen.storyboard;
			sourceTree = "<group>";
		};
/* End PBXVariantGroup section */

/* Begin XCBuildConfiguration section */
		1C5F7F582B7D49EE0094912F /* Debug */ = {
			isa = XCBuildConfiguration;
			buildSettings = {
				ALWAYS_SEARCH_USER_PATHS = NO;
				ASSETCATALOG_COMPILER_GENERATE_SWIFT_ASSET_SYMBOL_EXTENSIONS = YES;
				CLANG_ANALYZER_NONNULL = YES;
				CLANG_ANALYZER_NUMBER_OBJECT_CONVERSION = YES_AGGRESSIVE;
				CLANG_CXX_LANGUAGE_STANDARD = "gnu++20";
				CLANG_ENABLE_MODULES = YES;
				CLANG_ENABLE_OBJC_ARC = YES;
				CLANG_ENABLE_OBJC_WEAK = YES;
				CLANG_WARN_BLOCK_CAPTURE_AUTORELEASING = YES;
				CLANG_WARN_BOOL_CONVERSION = YES;
				CLANG_WARN_COMMA = YES;
				CLANG_WARN_CONSTANT_CONVERSION = YES;
				CLANG_WARN_DEPRECATED_OBJC_IMPLEMENTATIONS = YES;
				CLANG_WARN_DIRECT_OBJC_ISA_USAGE = YES_ERROR;
				CLANG_WARN_DOCUMENTATION_COMMENTS = YES;
				CLANG_WARN_EMPTY_BODY = YES;
				CLANG_WARN_ENUM_CONVERSION = YES;
				CLANG_WARN_INFINITE_RECURSION = YES;
				CLANG_WARN_INT_CONVERSION = YES;
				CLANG_WARN_NON_LITERAL_NULL_CONVERSION = YES;
				CLANG_WARN_OBJC_IMPLICIT_RETAIN_SELF = YES;
				CLANG_WARN_OBJC_LITERAL_CONVERSION = YES;
				CLANG_WARN_OBJC_ROOT_CLASS = YES_ERROR;
				CLANG_WARN_QUOTED_INCLUDE_IN_FRAMEWORK_HEADER = YES;
				CLANG_WARN_RANGE_LOOP_ANALYSIS = YES;
				CLANG_WARN_STRICT_PROTOTYPES = YES;
				CLANG_WARN_SUSPICIOUS_MOVE = YES;
				CLANG_WARN_UNGUARDED_AVAILABILITY = YES_AGGRESSIVE;
				CLANG_WARN_UNREACHABLE_CODE = YES;
				CLANG_WARN__DUPLICATE_METHOD_MATCH = YES;
				COPY_PHASE_STRIP = NO;
				DEBUG_INFORMATION_FORMAT = dwarf;
				ENABLE_STRICT_OBJC_MSGSEND = YES;
				ENABLE_TESTABILITY = YES;
				ENABLE_USER_SCRIPT_SANDBOXING = YES;
				GCC_C_LANGUAGE_STANDARD = gnu17;
				GCC_DYNAMIC_NO_PIC = NO;
				GCC_NO_COMMON_BLOCKS = YES;
				GCC_OPTIMIZATION_LEVEL = 0;
				GCC_PREPROCESSOR_DEFINITIONS = (
					"DEBUG=1",
					"$(inherited)",
				);
				GCC_WARN_64_TO_32_BIT_CONVERSION = YES;
				GCC_WARN_ABOUT_RETURN_TYPE = YES_ERROR;
				GCC_WARN_UNDECLARED_SELECTOR = YES;
				GCC_WARN_UNINITIALIZED_AUTOS = YES_AGGRESSIVE;
				GCC_WARN_UNUSED_FUNCTION = YES;
				GCC_WARN_UNUSED_VARIABLE = YES;
				IPHONEOS_DEPLOYMENT_TARGET = 17.2;
				LOCALIZATION_PREFERS_STRING_CATALOGS = YES;
				MTL_ENABLE_DEBUG_INFO = INCLUDE_SOURCE;
				MTL_FAST_MATH = YES;
				ONLY_ACTIVE_ARCH = YES;
				SDKROOT = iphoneos;
				SWIFT_ACTIVE_COMPILATION_CONDITIONS = "DEBUG $(inherited)";
				SWIFT_OPTIMIZATION_LEVEL = "-Onone";
			};
			name = Debug;
		};
		1C5F7F592B7D49EE0094912F /* Release */ = {
			isa = XCBuildConfiguration;
			buildSettings = {
				ALWAYS_SEARCH_USER_PATHS = NO;
				ASSETCATALOG_COMPILER_GENERATE_SWIFT_ASSET_SYMBOL_EXTENSIONS = YES;
				CLANG_ANALYZER_NONNULL = YES;
				CLANG_ANALYZER_NUMBER_OBJECT_CONVERSION = YES_AGGRESSIVE;
				CLANG_CXX_LANGUAGE_STANDARD = "gnu++20";
				CLANG_ENABLE_MODULES = YES;
				CLANG_ENABLE_OBJC_ARC = YES;
				CLANG_ENABLE_OBJC_WEAK = YES;
				CLANG_WARN_BLOCK_CAPTURE_AUTORELEASING = YES;
				CLANG_WARN_BOOL_CONVERSION = YES;
				CLANG_WARN_COMMA = YES;
				CLANG_WARN_CONSTANT_CONVERSION = YES;
				CLANG_WARN_DEPRECATED_OBJC_IMPLEMENTATIONS = YES;
				CLANG_WARN_DIRECT_OBJC_ISA_USAGE = YES_ERROR;
				CLANG_WARN_DOCUMENTATION_COMMENTS = YES;
				CLANG_WARN_EMPTY_BODY = YES;
				CLANG_WARN_ENUM_CONVERSION = YES;
				CLANG_WARN_INFINITE_RECURSION = YES;
				CLANG_WARN_INT_CONVERSION = YES;
				CLANG_WARN_NON_LITERAL_NULL_CONVERSION = YES;
				CLANG_WARN_OBJC_IMPLICIT_RETAIN_SELF = YES;
				CLANG_WARN_OBJC_LITERAL_CONVERSION = YES;
				CLANG_WARN_OBJC_ROOT_CLASS = YES_ERROR;
				CLANG_WARN_QUOTED_INCLUDE_IN_FRAMEWORK_HEADER = YES;
				CLANG_WARN_RANGE_LOOP_ANALYSIS = YES;
				CLANG_WARN_STRICT_PROTOTYPES = YES;
				CLANG_WARN_SUSPICIOUS_MOVE = YES;
				CLANG_WARN_UNGUARDED_AVAILABILITY = YES_AGGRESSIVE;
				CLANG_WARN_UNREACHABLE_CODE = YES;
				CLANG_WARN__DUPLICATE_METHOD_MATCH = YES;
				COPY_PHASE_STRIP = NO;
				DEBUG_INFORMATION_FORMAT = "dwarf-with-dsym";
				ENABLE_NS_ASSERTIONS = NO;
				ENABLE_STRICT_OBJC_MSGSEND = YES;
				ENABLE_USER_SCRIPT_SANDBOXING = YES;
				GCC_C_LANGUAGE_STANDARD = gnu17;
				GCC_NO_COMMON_BLOCKS = YES;
				GCC_WARN_64_TO_32_BIT_CONVERSION = YES;
				GCC_WARN_ABOUT_RETURN_TYPE = YES_ERROR;
				GCC_WARN_UNDECLARED_SELECTOR = YES;
				GCC_WARN_UNINITIALIZED_AUTOS = YES_AGGRESSIVE;
				GCC_WARN_UNUSED_FUNCTION = YES;
				GCC_WARN_UNUSED_VARIABLE = YES;
				IPHONEOS_DEPLOYMENT_TARGET = 17.2;
				LOCALIZATION_PREFERS_STRING_CATALOGS = YES;
				MTL_ENABLE_DEBUG_INFO = NO;
				MTL_FAST_MATH = YES;
				SDKROOT = iphoneos;
				SWIFT_COMPILATION_MODE = wholemodule;
				VALIDATE_PRODUCT = YES;
			};
			name = Release;
		};
		1C5F7F5B2B7D49EE0094912F /* Debug */ = {
			isa = XCBuildConfiguration;
			buildSettings = {
				ASSETCATALOG_COMPILER_APPICON_NAME = AppIcon;
				ASSETCATALOG_COMPILER_GLOBAL_ACCENT_COLOR_NAME = AccentColor;
				CODE_SIGN_STYLE = Automatic;
				CURRENT_PROJECT_VERSION = 1;
				DEVELOPMENT_TEAM = UC67934UB4;
				GENERATE_INFOPLIST_FILE = YES;
				INFOPLIST_FILE = photos_asesoftware/Info.plist;
				INFOPLIST_KEY_UIApplicationSupportsIndirectInputEvents = YES;
				INFOPLIST_KEY_UILaunchStoryboardName = LaunchScreen;
				INFOPLIST_KEY_UISupportedInterfaceOrientations_iPad = "UIInterfaceOrientationPortrait UIInterfaceOrientationPortraitUpsideDown UIInterfaceOrientationLandscapeLeft UIInterfaceOrientationLandscapeRight";
				INFOPLIST_KEY_UISupportedInterfaceOrientations_iPhone = "UIInterfaceOrientationPortrait UIInterfaceOrientationLandscapeLeft UIInterfaceOrientationLandscapeRight";
				LD_RUNPATH_SEARCH_PATHS = (
					"$(inherited)",
					"@executable_path/Frameworks",
				);
				MARKETING_VERSION = 1.0;
				PRODUCT_BUNDLE_IDENTIFIER = "Test.photos-asesoftware";
				PRODUCT_NAME = "$(TARGET_NAME)";
				SWIFT_EMIT_LOC_STRINGS = YES;
				SWIFT_VERSION = 5.0;
				TARGETED_DEVICE_FAMILY = "1,2";
			};
			name = Debug;
		};
		1C5F7F5C2B7D49EE0094912F /* Release */ = {
			isa = XCBuildConfiguration;
			buildSettings = {
				ASSETCATALOG_COMPILER_APPICON_NAME = AppIcon;
				ASSETCATALOG_COMPILER_GLOBAL_ACCENT_COLOR_NAME = AccentColor;
				CODE_SIGN_STYLE = Automatic;
				CURRENT_PROJECT_VERSION = 1;
				DEVELOPMENT_TEAM = UC67934UB4;
				GENERATE_INFOPLIST_FILE = YES;
				INFOPLIST_FILE = photos_asesoftware/Info.plist;
				INFOPLIST_KEY_UIApplicationSupportsIndirectInputEvents = YES;
				INFOPLIST_KEY_UILaunchStoryboardName = LaunchScreen;
				INFOPLIST_KEY_UISupportedInterfaceOrientations_iPad = "UIInterfaceOrientationPortrait UIInterfaceOrientationPortraitUpsideDown UIInterfaceOrientationLandscapeLeft UIInterfaceOrientationLandscapeRight";
				INFOPLIST_KEY_UISupportedInterfaceOrientations_iPhone = "UIInterfaceOrientationPortrait UIInterfaceOrientationLandscapeLeft UIInterfaceOrientationLandscapeRight";
				LD_RUNPATH_SEARCH_PATHS = (
					"$(inherited)",
					"@executable_path/Frameworks",
				);
				MARKETING_VERSION = 1.0;
				PRODUCT_BUNDLE_IDENTIFIER = "Test.photos-asesoftware";
				PRODUCT_NAME = "$(TARGET_NAME)";
				SWIFT_EMIT_LOC_STRINGS = YES;
				SWIFT_VERSION = 5.0;
				TARGETED_DEVICE_FAMILY = "1,2";
			};
			name = Release;
		};
/* End XCBuildConfiguration section */

/* Begin XCConfigurationList section */
		1C5F7F3E2B7D49ED0094912F /* Build configuration list for PBXProject "photos_asesoftware" */ = {
			isa = XCConfigurationList;
			buildConfigurations = (
				1C5F7F582B7D49EE0094912F /* Debug */,
				1C5F7F592B7D49EE0094912F /* Release */,
			);
			defaultConfigurationIsVisible = 0;
			defaultConfigurationName = Release;
		};
		1C5F7F5A2B7D49EE0094912F /* Build configuration list for PBXNativeTarget "photos_asesoftware" */ = {
			isa = XCConfigurationList;
			buildConfigurations = (
				1C5F7F5B2B7D49EE0094912F /* Debug */,
				1C5F7F5C2B7D49EE0094912F /* Release */,
			);
			defaultConfigurationIsVisible = 0;
			defaultConfigurationName = Release;
		};
/* End XCConfigurationList section */

/* Begin XCRemoteSwiftPackageReference section */
		1C5F7F6B2B7D54B60094912F /* XCRemoteSwiftPackageReference "Kingfisher" */ = {
			isa = XCRemoteSwiftPackageReference;
			repositoryURL = "https://github.com/onevcat/Kingfisher.git";
			requirement = {
				kind = upToNextMajorVersion;
				minimumVersion = 7.11.0;
			};
		};
/* End XCRemoteSwiftPackageReference section */

/* Begin XCSwiftPackageProductDependency section */
		1C5F7F6C2B7D54B60094912F /* Kingfisher */ = {
			isa = XCSwiftPackageProductDependency;
			package = 1C5F7F6B2B7D54B60094912F /* XCRemoteSwiftPackageReference "Kingfisher" */;
			productName = Kingfisher;
		};
/* End XCSwiftPackageProductDependency section */

/* Begin XCVersionGroup section */
		1C5F7F4F2B7D49ED0094912F /* photos_asesoftware.xcdatamodeld */ = {
			isa = XCVersionGroup;
			children = (
				1C5F7F502B7D49ED0094912F /* photos_asesoftware.xcdatamodel */,
			);
			currentVersion = 1C5F7F502B7D49ED0094912F /* photos_asesoftware.xcdatamodel */;
			path = photos_asesoftware.xcdatamodeld;
			sourceTree = "<group>";
			versionGroupType = wrapper.xcdatamodel;
		};
/* End XCVersionGroup section */
	};
	rootObject = 1C5F7F3B2B7D49ED0094912F /* Project object */;
}
